// !$*UTF8*$!
{
	archiveVersion = 1;
	classes = {
	};
	objectVersion = 77;
	objects = {

/* Begin PBXContainerItemProxy section */
		D758E5C12DDA19E300448BDB /* PBXContainerItemProxy */ = {
			isa = PBXContainerItemProxy;
			containerPortal = D758E5AA2DDA19E200448BDB /* Project object */;
			proxyType = 1;
			remoteGlobalIDString = D758E5B12DDA19E200448BDB;
			remoteInfo = christiancross;
		};
		D758E5CB2DDA19E300448BDB /* PBXContainerItemProxy */ = {
			isa = PBXContainerItemProxy;
			containerPortal = D758E5AA2DDA19E200448BDB /* Project object */;
			proxyType = 1;
			remoteGlobalIDString = D758E5B12DDA19E200448BDB;
			remoteInfo = christiancross;
		};
/* End PBXContainerItemProxy section */

/* Begin PBXFileReference section */
		D758E5B22DDA19E200448BDB /* christiancross.app */ = {isa = PBXFileReference; explicitFileType = wrapper.application; includeInIndex = 0; path = christiancross.app; sourceTree = BUILT_PRODUCTS_DIR; };
		D758E5C02DDA19E300448BDB /* christiancrossTests.xctest */ = {isa = PBXFileReference; explicitFileType = wrapper.cfbundle; includeInIndex = 0; path = christiancrossTests.xctest; sourceTree = BUILT_PRODUCTS_DIR; };
		D758E5CA2DDA19E300448BDB /* christiancrossUITests.xctest */ = {isa = PBXFileReference; explicitFileType = wrapper.cfbundle; includeInIndex = 0; path = christiancrossUITests.xctest; sourceTree = BUILT_PRODUCTS_DIR; };
/* End PBXFileReference section */

/* Begin PBXFileSystemSynchronizedRootGroup section */
		D758E5B42DDA19E200448BDB /* christiancross */ = {
			isa = PBXFileSystemSynchronizedRootGroup;
			path = christiancross;
			sourceTree = "<group>";
		};
		D758E5C32DDA19E300448BDB /* christiancrossTests */ = {
			isa = PBXFileSystemSynchronizedRootGroup;
			path = christiancrossTests;
			sourceTree = "<group>";
		};
		D758E5CD2DDA19E300448BDB /* christiancrossUITests */ = {
			isa = PBXFileSystemSynchronizedRootGroup;
			path = christiancrossUITests;
			sourceTree = "<group>";
		};
/* End PBXFileSystemSynchronizedRootGroup section */

/* Begin PBXFrameworksBuildPhase section */
		D758E5AF2DDA19E200448BDB /* Frameworks */ = {
			isa = PBXFrameworksBuildPhase;
			buildActionMask = 2147483647;
			files = (
			);
			runOnlyForDeploymentPostprocessing = 0;
		};
		D758E5BD2DDA19E300448BDB /* Frameworks */ = {
			isa = PBXFrameworksBuildPhase;
			buildActionMask = 2147483647;
			files = (
			);
			runOnlyForDeploymentPostprocessing = 0;
		};
		D758E5C72DDA19E300448BDB /* Frameworks */ = {
			isa = PBXFrameworksBuildPhase;
			buildActionMask = 2147483647;
			files = (
			);
			runOnlyForDeploymentPostprocessing = 0;
		};
/* End PBXFrameworksBuildPhase section */

/* Begin PBXGroup section */
		D758E5A92DDA19E200448BDB = {
			isa = PBXGroup;
			children = (
				D758E5B42DDA19E200448BDB /* christiancross */,
				D758E5C32DDA19E300448BDB /* christiancrossTests */,
				D758E5CD2DDA19E300448BDB /* christiancrossUITests */,
				D758E5B32DDA19E200448BDB /* Products */,
			);
			sourceTree = "<group>";
		};
		D758E5B32DDA19E200448BDB /* Products */ = {
			isa = PBXGroup;
			children = (
				D758E5B22DDA19E200448BDB /* christiancross.app */,
				D758E5C02DDA19E300448BDB /* christiancrossTests.xctest */,
				D758E5CA2DDA19E300448BDB /* christiancrossUITests.xctest */,
			);
			name = Products;
			sourceTree = "<group>";
		};
/* End PBXGroup section */

/* Begin PBXNativeTarget section */
		D758E5B12DDA19E200448BDB /* christiancross */ = {
			isa = PBXNativeTarget;
			buildConfigurationList = D758E5D42DDA19E400448BDB /* Build configuration list for PBXNativeTarget "christiancross" */;
			buildPhases = (
				D758E5AE2DDA19E200448BDB /* Sources */,
				D758E5AF2DDA19E200448BDB /* Frameworks */,
				D758E5B02DDA19E200448BDB /* Resources */,
			);
			buildRules = (
			);
			dependencies = (
			);
			fileSystemSynchronizedGroups = (
				D758E5B42DDA19E200448BDB /* christiancross */,
			);
			name = christiancross;
			packageProductDependencies = (
			);
			productName = christiancross;
			productReference = D758E5B22DDA19E200448BDB /* christiancross.app */;
			productType = "com.apple.product-type.application";
		};
		D758E5BF2DDA19E300448BDB /* christiancrossTests */ = {
			isa = PBXNativeTarget;
			buildConfigurationList = D758E5D72DDA19E400448BDB /* Build configuration list for PBXNativeTarget "christiancrossTests" */;
			buildPhases = (
				D758E5BC2DDA19E300448BDB /* Sources */,
				D758E5BD2DDA19E300448BDB /* Frameworks */,
				D758E5BE2DDA19E300448BDB /* Resources */,
			);
			buildRules = (
			);
			dependencies = (
				D758E5C22DDA19E300448BDB /* PBXTargetDependency */,
			);
			fileSystemSynchronizedGroups = (
				D758E5C32DDA19E300448BDB /* christiancrossTests */,
			);
			name = christiancrossTests;
			packageProductDependencies = (
			);
			productName = christiancrossTests;
			productReference = D758E5C02DDA19E300448BDB /* christiancrossTests.xctest */;
			productType = "com.apple.product-type.bundle.unit-test";
		};
		D758E5C92DDA19E300448BDB /* christiancrossUITests */ = {
			isa = PBXNativeTarget;
			buildConfigurationList = D758E5DA2DDA19E400448BDB /* Build configuration list for PBXNativeTarget "christiancrossUITests" */;
			buildPhases = (
				D758E5C62DDA19E300448BDB /* Sources */,
				D758E5C72DDA19E300448BDB /* Frameworks */,
				D758E5C82DDA19E300448BDB /* Resources */,
			);
			buildRules = (
			);
			dependencies = (
				D758E5CC2DDA19E300448BDB /* PBXTargetDependency */,
			);
			fileSystemSynchronizedGroups = (
				D758E5CD2DDA19E300448BDB /* christiancrossUITests */,
			);
			name = christiancrossUITests;
			packageProductDependencies = (
			);
			productName = christiancrossUITests;
			productReference = D758E5CA2DDA19E300448BDB /* christiancrossUITests.xctest */;
			productType = "com.apple.product-type.bundle.ui-testing";
		};
/* End PBXNativeTarget section */

/* Begin PBXProject section */
		D758E5AA2DDA19E200448BDB /* Project object */ = {
			isa = PBXProject;
			attributes = {
				BuildIndependentTargetsInParallel = 1;
				LastSwiftUpdateCheck = 1630;
				LastUpgradeCheck = 1630;
				TargetAttributes = {
					D758E5B12DDA19E200448BDB = {
						CreatedOnToolsVersion = 16.3;
					};
					D758E5BF2DDA19E300448BDB = {
						CreatedOnToolsVersion = 16.3;
						TestTargetID = D758E5B12DDA19E200448BDB;
					};
					D758E5C92DDA19E300448BDB = {
						CreatedOnToolsVersion = 16.3;
						TestTargetID = D758E5B12DDA19E200448BDB;
					};
				};
			};
			buildConfigurationList = D758E5AD2DDA19E200448BDB /* Build configuration list for PBXProject "christiancross" */;
			developmentRegion = en;
			hasScannedForEncodings = 0;
			knownRegions = (
				en,
				Base,
			);
			mainGroup = D758E5A92DDA19E200448BDB;
			minimizedProjectReferenceProxies = 1;
			preferredProjectObjectVersion = 77;
			productRefGroup = D758E5B32DDA19E200448BDB /* Products */;
			projectDirPath = "";
			projectRoot = "";
			targets = (
				D758E5B12DDA19E200448BDB /* christiancross */,
				D758E5BF2DDA19E300448BDB /* christiancrossTests */,
				D758E5C92DDA19E300448BDB /* christiancrossUITests */,
			);
		};
/* End PBXProject section */

/* Begin PBXResourcesBuildPhase section */
		D758E5B02DDA19E200448BDB /* Resources */ = {
			isa = PBXResourcesBuildPhase;
			buildActionMask = 2147483647;
			files = (
			);
			runOnlyForDeploymentPostprocessing = 0;
		};
		D758E5BE2DDA19E300448BDB /* Resources */ = {
			isa = PBXResourcesBuildPhase;
			buildActionMask = 2147483647;
			files = (
			);
			runOnlyForDeploymentPostprocessing = 0;
		};
		D758E5C82DDA19E300448BDB /* Resources */ = {
			isa = PBXResourcesBuildPhase;
			buildActionMask = 2147483647;
			files = (
			);
			runOnlyForDeploymentPostprocessing = 0;
		};
/* End PBXResourcesBuildPhase section */

/* Begin PBXSourcesBuildPhase section */
		D758E5AE2DDA19E200448BDB /* Sources */ = {
			isa = PBXSourcesBuildPhase;
			buildActionMask = 2147483647;
			files = (
			);
			runOnlyForDeploymentPostprocessing = 0;
		};
		D758E5BC2DDA19E300448BDB /* Sources */ = {
			isa = PBXSourcesBuildPhase;
			buildActionMask = 2147483647;
			files = (
			);
			runOnlyForDeploymentPostprocessing = 0;
		};
		D758E5C62DDA19E300448BDB /* Sources */ = {
			isa = PBXSourcesBuildPhase;
			buildActionMask = 2147483647;
			files = (
			);
			runOnlyForDeploymentPostprocessing = 0;
		};
/* End PBXSourcesBuildPhase section */

/* Begin PBXTargetDependency section */
		D758E5C22DDA19E300448BDB /* PBXTargetDependency */ = {
			isa = PBXTargetDependency;
			target = D758E5B12DDA19E200448BDB /* christiancross */;
			targetProxy = D758E5C12DDA19E300448BDB /* PBXContainerItemProxy */;
		};
		D758E5CC2DDA19E300448BDB /* PBXTargetDependency */ = {
			isa = PBXTargetDependency;
			target = D758E5B12DDA19E200448BDB /* christiancross */;
			targetProxy = D758E5CB2DDA19E300448BDB /* PBXContainerItemProxy */;
		};
/* End PBXTargetDependency section */

/* Begin XCBuildConfiguration section */
		D758E5D22DDA19E400448BDB /* Debug */ = {
			isa = XCBuildConfiguration;
			buildSettings = {
				ALWAYS_SEARCH_USER_PATHS = NO;
				ASSETCATALOG_COMPILER_GENERATE_SWIFT_ASSET_SYMBOL_EXTENSIONS = YES;
				CLANG_ANALYZER_NONNULL = YES;
				CLANG_ANALYZER_NUMBER_OBJECT_CONVERSION = YES_AGGRESSIVE;
				CLANG_CXX_LANGUAGE_STANDARD = "gnu++20";
				CLANG_ENABLE_MODULES = YES;
				CLANG_ENABLE_OBJC_ARC = YES;
				CLANG_ENABLE_OBJC_WEAK = YES;
				CLANG_WARN_BLOCK_CAPTURE_AUTORELEASING = YES;
				CLANG_WARN_BOOL_CONVERSION = YES;
				CLANG_WARN_COMMA = YES;
				CLANG_WARN_CONSTANT_CONVERSION = YES;
				CLANG_WARN_DEPRECATED_OBJC_IMPLEMENTATIONS = YES;
				CLANG_WARN_DIRECT_OBJC_ISA_USAGE = YES_ERROR;
				CLANG_WARN_DOCUMENTATION_COMMENTS = YES;
				CLANG_WARN_EMPTY_BODY = YES;
				CLANG_WARN_ENUM_CONVERSION = YES;
				CLANG_WARN_INFINITE_RECURSION = YES;
				CLANG_WARN_INT_CONVERSION = YES;
				CLANG_WARN_NON_LITERAL_NULL_CONVERSION = YES;
				CLANG_WARN_OBJC_IMPLICIT_RETAIN_SELF = YES;
				CLANG_WARN_OBJC_LITERAL_CONVERSION = YES;
				CLANG_WARN_OBJC_ROOT_CLASS = YES_ERROR;
				CLANG_WARN_QUOTED_INCLUDE_IN_FRAMEWORK_HEADER = YES;
				CLANG_WARN_RANGE_LOOP_ANALYSIS = YES;
				CLANG_WARN_STRICT_PROTOTYPES = YES;
				CLANG_WARN_SUSPICIOUS_MOVE = YES;
				CLANG_WARN_UNGUARDED_AVAILABILITY = YES_AGGRESSIVE;
				CLANG_WARN_UNREACHABLE_CODE = YES;
				CLANG_WARN__DUPLICATE_METHOD_MATCH = YES;
				COPY_PHASE_STRIP = NO;
				DEBUG_INFORMATION_FORMAT = dwarf;
				ENABLE_STRICT_OBJC_MSGSEND = YES;
				ENABLE_TESTABILITY = YES;
				ENABLE_USER_SCRIPT_SANDBOXING = YES;
				GCC_C_LANGUAGE_STANDARD = gnu17;
				GCC_DYNAMIC_NO_PIC = NO;
				GCC_NO_COMMON_BLOCKS = YES;
				GCC_OPTIMIZATION_LEVEL = 0;
				GCC_PREPROCESSOR_DEFINITIONS = (
					"DEBUG=1",
					"$(inherited)",
				);
				GCC_WARN_64_TO_32_BIT_CONVERSION = YES;
				GCC_WARN_ABOUT_RETURN_TYPE = YES_ERROR;
				GCC_WARN_UNDECLARED_SELECTOR = YES;
				GCC_WARN_UNINITIALIZED_AUTOS = YES_AGGRESSIVE;
				GCC_WARN_UNUSED_FUNCTION = YES;
				GCC_WARN_UNUSED_VARIABLE = YES;
				LOCALIZATION_PREFERS_STRING_CATALOGS = YES;
				MACOSX_DEPLOYMENT_TARGET = 15.4;
				MTL_ENABLE_DEBUG_INFO = INCLUDE_SOURCE;
				MTL_FAST_MATH = YES;
				ONLY_ACTIVE_ARCH = YES;
				SDKROOT = macosx;
				SWIFT_ACTIVE_COMPILATION_CONDITIONS = "DEBUG $(inherited)";
				SWIFT_OPTIMIZATION_LEVEL = "-Onone";
			};
			name = Debug;
		};
		D758E5D32DDA19E400448BDB /* Release */ = {
			isa = XCBuildConfiguration;
			buildSettings = {
				ALWAYS_SEARCH_USER_PATHS = NO;
				ASSETCATALOG_COMPILER_GENERATE_SWIFT_ASSET_SYMBOL_EXTENSIONS = YES;
				CLANG_ANALYZER_NONNULL = YES;
				CLANG_ANALYZER_NUMBER_OBJECT_CONVERSION = YES_AGGRESSIVE;
				CLANG_CXX_LANGUAGE_STANDARD = "gnu++20";
				CLANG_ENABLE_MODULES = YES;
				CLANG_ENABLE_OBJC_ARC = YES;
				CLANG_ENABLE_OBJC_WEAK = YES;
				CLANG_WARN_BLOCK_CAPTURE_AUTORELEASING = YES;
				CLANG_WARN_BOOL_CONVERSION = YES;
				CLANG_WARN_COMMA = YES;
				CLANG_WARN_CONSTANT_CONVERSION = YES;
				CLANG_WARN_DEPRECATED_OBJC_IMPLEMENTATIONS = YES;
				CLANG_WARN_DIRECT_OBJC_ISA_USAGE = YES_ERROR;
				CLANG_WARN_DOCUMENTATION_COMMENTS = YES;
				CLANG_WARN_EMPTY_BODY = YES;
				CLANG_WARN_ENUM_CONVERSION = YES;
				CLANG_WARN_INFINITE_RECURSION = YES;
				CLANG_WARN_INT_CONVERSION = YES;
				CLANG_WARN_NON_LITERAL_NULL_CONVERSION = YES;
				CLANG_WARN_OBJC_IMPLICIT_RETAIN_SELF = YES;
				CLANG_WARN_OBJC_LITERAL_CONVERSION = YES;
				CLANG_WARN_OBJC_ROOT_CLASS = YES_ERROR;
				CLANG_WARN_QUOTED_INCLUDE_IN_FRAMEWORK_HEADER = YES;
				CLANG_WARN_RANGE_LOOP_ANALYSIS = YES;
				CLANG_WARN_STRICT_PROTOTYPES = YES;
				CLANG_WARN_SUSPICIOUS_MOVE = YES;
				CLANG_WARN_UNGUARDED_AVAILABILITY = YES_AGGRESSIVE;
				CLANG_WARN_UNREACHABLE_CODE = YES;
				CLANG_WARN__DUPLICATE_METHOD_MATCH = YES;
				COPY_PHASE_STRIP = NO;
				DEBUG_INFORMATION_FORMAT = "dwarf-with-dsym";
				ENABLE_NS_ASSERTIONS = NO;
				ENABLE_STRICT_OBJC_MSGSEND = YES;
				ENABLE_USER_SCRIPT_SANDBOXING = YES;
				GCC_C_LANGUAGE_STANDARD = gnu17;
				GCC_NO_COMMON_BLOCKS = YES;
				GCC_WARN_64_TO_32_BIT_CONVERSION = YES;
				GCC_WARN_ABOUT_RETURN_TYPE = YES_ERROR;
				GCC_WARN_UNDECLARED_SELECTOR = YES;
				GCC_WARN_UNINITIALIZED_AUTOS = YES_AGGRESSIVE;
				GCC_WARN_UNUSED_FUNCTION = YES;
				GCC_WARN_UNUSED_VARIABLE = YES;
				LOCALIZATION_PREFERS_STRING_CATALOGS = YES;
				MACOSX_DEPLOYMENT_TARGET = 15.4;
				MTL_ENABLE_DEBUG_INFO = NO;
				MTL_FAST_MATH = YES;
				SDKROOT = macosx;
				SWIFT_COMPILATION_MODE = wholemodule;
			};
			name = Release;
		};
		D758E5D52DDA19E400448BDB /* Debug */ = {
			isa = XCBuildConfiguration;
			buildSettings = {
				ASSETCATALOG_COMPILER_APPICON_NAME = AppIcon;
				ASSETCATALOG_COMPILER_GLOBAL_ACCENT_COLOR_NAME = AccentColor;
				CODE_SIGN_ENTITLEMENTS = christiancross/christiancross.entitlements;
				CODE_SIGN_STYLE = Automatic;
				COMBINE_HIDPI_IMAGES = YES;
				CURRENT_PROJECT_VERSION = 1;
				ENABLE_PREVIEWS = YES;
				GENERATE_INFOPLIST_FILE = YES;
				INFOPLIST_KEY_NSHumanReadableCopyright = "";
				LD_RUNPATH_SEARCH_PATHS = (
					"$(inherited)",
					"@executable_path/../Frameworks",
				);
				MARKETING_VERSION = 1.0;
				PRODUCT_BUNDLE_IDENTIFIER = es.inled.christiancross;
				PRODUCT_NAME = "$(TARGET_NAME)";
				REGISTER_APP_GROUPS = YES;
				SWIFT_EMIT_LOC_STRINGS = YES;
				SWIFT_VERSION = 5.0;
			};
			name = Debug;
		};
		D758E5D62DDA19E400448BDB /* Release */ = {
			isa = XCBuildConfiguration;
			buildSettings = {
				ASSETCATALOG_COMPILER_APPICON_NAME = AppIcon;
				ASSETCATALOG_COMPILER_GLOBAL_ACCENT_COLOR_NAME = AccentColor;
				CODE_SIGN_ENTITLEMENTS = christiancross/christiancross.entitlements;
				CODE_SIGN_STYLE = Automatic;
				COMBINE_HIDPI_IMAGES = YES;
				CURRENT_PROJECT_VERSION = 1;
				ENABLE_PREVIEWS = YES;
				GENERATE_INFOPLIST_FILE = YES;
				INFOPLIST_KEY_NSHumanReadableCopyright = "";
				LD_RUNPATH_SEARCH_PATHS = (
					"$(inherited)",
					"@executable_path/../Frameworks",
				);
				MARKETING_VERSION = 1.0;
				PRODUCT_BUNDLE_IDENTIFIER = es.inled.christiancross;
				PRODUCT_NAME = "$(TARGET_NAME)";
				REGISTER_APP_GROUPS = YES;
				SWIFT_EMIT_LOC_STRINGS = YES;
				SWIFT_VERSION = 5.0;
			};
			name = Release;
		};
		D758E5D82DDA19E400448BDB /* Debug */ = {
			isa = XCBuildConfiguration;
			buildSettings = {
				BUNDLE_LOADER = "$(TEST_HOST)";
				CODE_SIGN_STYLE = Automatic;
				CURRENT_PROJECT_VERSION = 1;
				GENERATE_INFOPLIST_FILE = YES;
				MACOSX_DEPLOYMENT_TARGET = 15.4;
				MARKETING_VERSION = 1.0;
				PRODUCT_BUNDLE_IDENTIFIER = es.inled.christiancrossTests;
				PRODUCT_NAME = "$(TARGET_NAME)";
				SWIFT_EMIT_LOC_STRINGS = NO;
				SWIFT_VERSION = 5.0;
				TEST_HOST = "$(BUILT_PRODUCTS_DIR)/christiancross.app/$(BUNDLE_EXECUTABLE_FOLDER_PATH)/christiancross";
			};
			name = Debug;
		};
		D758E5D92DDA19E400448BDB /* Release */ = {
			isa = XCBuildConfiguration;
			buildSettings = {
				BUNDLE_LOADER = "$(TEST_HOST)";
				CODE_SIGN_STYLE = Automatic;
				CURRENT_PROJECT_VERSION = 1;
				GENERATE_INFOPLIST_FILE = YES;
				MACOSX_DEPLOYMENT_TARGET = 15.4;
				MARKETING_VERSION = 1.0;
				PRODUCT_BUNDLE_IDENTIFIER = es.inled.christiancrossTests;
				PRODUCT_NAME = "$(TARGET_NAME)";
				SWIFT_EMIT_LOC_STRINGS = NO;
				SWIFT_VERSION = 5.0;
				TEST_HOST = "$(BUILT_PRODUCTS_DIR)/christiancross.app/$(BUNDLE_EXECUTABLE_FOLDER_PATH)/christiancross";
			};
			name = Release;
		};
		D758E5DB2DDA19E400448BDB /* Debug */ = {
			isa = XCBuildConfiguration;
			buildSettings = {
				CODE_SIGN_STYLE = Automatic;
				CURRENT_PROJECT_VERSION = 1;
				GENERATE_INFOPLIST_FILE = YES;
				MARKETING_VERSION = 1.0;
				PRODUCT_BUNDLE_IDENTIFIER = es.inled.christiancrossUITests;
				PRODUCT_NAME = "$(TARGET_NAME)";
				SWIFT_EMIT_LOC_STRINGS = NO;
				SWIFT_VERSION = 5.0;
				TEST_TARGET_NAME = christiancross;
			};
			name = Debug;
		};
		D758E5DC2DDA19E400448BDB /* Release */ = {
			isa = XCBuildConfiguration;
			buildSettings = {
				CODE_SIGN_STYLE = Automatic;
				CURRENT_PROJECT_VERSION = 1;
				GENERATE_INFOPLIST_FILE = YES;
				MARKETING_VERSION = 1.0;
				PRODUCT_BUNDLE_IDENTIFIER = es.inled.christiancrossUITests;
				PRODUCT_NAME = "$(TARGET_NAME)";
				SWIFT_EMIT_LOC_STRINGS = NO;
				SWIFT_VERSION = 5.0;
				TEST_TARGET_NAME = christiancross;
			};
			name = Release;
		};
/* End XCBuildConfiguration section */

/* Begin XCConfigurationList section */
		D758E5AD2DDA19E200448BDB /* Build configuration list for PBXProject "christiancross" */ = {
			isa = XCConfigurationList;
			buildConfigurations = (
				D758E5D22DDA19E400448BDB /* Debug */,
				D758E5D32DDA19E400448BDB /* Release */,
			);
			defaultConfigurationIsVisible = 0;
			defaultConfigurationName = Release;
		};
		D758E5D42DDA19E400448BDB /* Build configuration list for PBXNativeTarget "christiancross" */ = {
			isa = XCConfigurationList;
			buildConfigurations = (
				D758E5D52DDA19E400448BDB /* Debug */,
				D758E5D62DDA19E400448BDB /* Release */,
			);
			defaultConfigurationIsVisible = 0;
			defaultConfigurationName = Release;
		};
		D758E5D72DDA19E400448BDB /* Build configuration list for PBXNativeTarget "christiancrossTests" */ = {
			isa = XCConfigurationList;
			buildConfigurations = (
				D758E5D82DDA19E400448BDB /* Debug */,
				D758E5D92DDA19E400448BDB /* Release */,
			);
			defaultConfigurationIsVisible = 0;
			defaultConfigurationName = Release;
		};
		D758E5DA2DDA19E400448BDB /* Build configuration list for PBXNativeTarget "christiancrossUITests" */ = {
			isa = XCConfigurationList;
			buildConfigurations = (
				D758E5DB2DDA19E400448BDB /* Debug */,
				D758E5DC2DDA19E400448BDB /* Release */,
			);
			defaultConfigurationIsVisible = 0;
			defaultConfigurationName = Release;
		};
/* End XCConfigurationList section */
	};
	rootObject = D758E5AA2DDA19E200448BDB /* Project object */;
}
